
Microsoft Visual Studio Solution File, Format Version 12.00
# Visual Studio Version 17
VisualStudioVersion = 17.14.37411.7 d17.14
MinimumVisualStudioVersion = 10.0.40219.1
Project("{FAE04EC0-301F-11D3-BF4B-00C04F79EFBC}") = "InterfaceDemo", "InterfaceDemo.csproj", "{637A049C-96B7-446E-8E89-65C6E0CB4E0C}"
EndProject
Global
	GlobalSection(SolutionConfigurationPlatforms) = preSolution
		Debug|Any CPU = Debug|Any CPU
		Release|Any CPU = Release|Any CPU
	EndGlobalSection
	GlobalSection(ProjectConfigurationPlatforms) = postSolution
		{637A049C-96B7-446E-8E89-65C6E0CB4E0C}.Debug|Any CPU.ActiveCfg = Debug|Any CPU
		{637A049C-96B7-446E-8E89-65C6E0CB4E0C}.Debug|Any CPU.Build.0 = Debug|Any CPU
		{637A049C-96B7-446E-8E89-65C6E0CB4E0C}.Release|Any CPU.ActiveCfg = Release|Any CPU
		{637A049C-96B7-446E-8E89-65C6E0CB4E0C}.Release|Any CPU.Build.0 = Release|Any CPU
	EndGlobalSection
	GlobalSection(SolutionProperties) = preSolution
		HideSolutionNode = FALSE
	EndGlobalSection
	GlobalSection(ExtensibilityGlobals) = postSolution
		SolutionGuid = {3994A970-CB9F-40C4-ADCB-D7D8035BC46F}
	EndGlobalSection
EndGlobal
