
Microsoft Visual Studio Solution File, Format Version 12.00
# Visual Studio Version 17
VisualStudioVersion = 17.14.37411.7 d17.14
MinimumVisualStudioVersion = 10.0.40219.1
Project("{FAE04EC0-301F-11D3-BF4B-00C04F79EFBC}") = "MVCWebAppTest", "MVCWebAppTest.csproj", "{CD6D79E5-0978-4D6F-89BB-EAE113DBCBE5}"
EndProject
Global
	GlobalSection(SolutionConfigurationPlatforms) = preSolution
		Debug|Any CPU = Debug|Any CPU
		Release|Any CPU = Release|Any CPU
	EndGlobalSection
	GlobalSection(ProjectConfigurationPlatforms) = postSolution
		{CD6D79E5-0978-4D6F-89BB-EAE113DBCBE5}.Debug|Any CPU.ActiveCfg = Debug|Any CPU
		{CD6D79E5-0978-4D6F-89BB-EAE113DBCBE5}.Debug|Any CPU.Build.0 = Debug|Any CPU
		{CD6D79E5-0978-4D6F-89BB-EAE113DBCBE5}.Release|Any CPU.ActiveCfg = Release|Any CPU
		{CD6D79E5-0978-4D6F-89BB-EAE113DBCBE5}.Release|Any CPU.Build.0 = Release|Any CPU
	EndGlobalSection
	GlobalSection(SolutionProperties) = preSolution
		HideSolutionNode = FALSE
	EndGlobalSection
	GlobalSection(ExtensibilityGlobals) = postSolution
		SolutionGuid = {AA6B9442-E94D-4A00-8E1A-222C05EE4CA4}
	EndGlobalSection
EndGlobal
