
Microsoft Visual Studio Solution File, Format Version 12.00
# Visual Studio Version 17
VisualStudioVersion = 17.14.37411.7
MinimumVisualStudioVersion = 10.0.40219.1
Project("{FAE04EC0-301F-11D3-BF4B-00C04F79EFBC}") = "WebAppDay8", "WebAppDay8.csproj", "{9E695B60-A591-4A44-8370-3F13C7EA9012}"
EndProject
Project("{FAE04EC0-301F-11D3-BF4B-00C04F79EFBC}") = "WebApplDay9", "..\WebAppDay9\WebApplDay9\WebApplDay9.csproj", "{90366ACF-2720-4CA6-98E0-961BB018EA3E}"
EndProject
Project("{FAE04EC0-301F-11D3-BF4B-00C04F79EFBC}") = "WebAppDay10", "..\WebAppDay10\WebAppDay10\WebAppDay10.csproj", "{100159BC-5BF9-4683-A2F0-CAE374F17051}"
EndProject
Project("{FAE04EC0-301F-11D3-BF4B-00C04F79EFBC}") = "WebAppDay10Identity", "..\WebAppDay10Identity\WebAppDay10Identity.csproj", "{80262572-508C-4D42-A77A-80A4FE734E9C}"
EndProject
Global
	GlobalSection(SolutionConfigurationPlatforms) = preSolution
		Debug|Any CPU = Debug|Any CPU
		Release|Any CPU = Release|Any CPU
	EndGlobalSection
	GlobalSection(ProjectConfigurationPlatforms) = postSolution
		{9E695B60-A591-4A44-8370-3F13C7EA9012}.Debug|Any CPU.ActiveCfg = Debug|Any CPU
		{9E695B60-A591-4A44-8370-3F13C7EA9012}.Debug|Any CPU.Build.0 = Debug|Any CPU
		{9E695B60-A591-4A44-8370-3F13C7EA9012}.Release|Any CPU.ActiveCfg = Release|Any CPU
		{9E695B60-A591-4A44-8370-3F13C7EA9012}.Release|Any CPU.Build.0 = Release|Any CPU
		{90366ACF-2720-4CA6-98E0-961BB018EA3E}.Debug|Any CPU.ActiveCfg = Debug|Any CPU
		{90366ACF-2720-4CA6-98E0-961BB018EA3E}.Debug|Any CPU.Build.0 = Debug|Any CPU
		{90366ACF-2720-4CA6-98E0-961BB018EA3E}.Release|Any CPU.ActiveCfg = Release|Any CPU
		{90366ACF-2720-4CA6-98E0-961BB018EA3E}.Release|Any CPU.Build.0 = Release|Any CPU
		{100159BC-5BF9-4683-A2F0-CAE374F17051}.Debug|Any CPU.ActiveCfg = Debug|Any CPU
		{100159BC-5BF9-4683-A2F0-CAE374F17051}.Debug|Any CPU.Build.0 = Debug|Any CPU
		{100159BC-5BF9-4683-A2F0-CAE374F17051}.Release|Any CPU.ActiveCfg = Release|Any CPU
		{100159BC-5BF9-4683-A2F0-CAE374F17051}.Release|Any CPU.Build.0 = Release|Any CPU
		{80262572-508C-4D42-A77A-80A4FE734E9C}.Debug|Any CPU.ActiveCfg = Debug|Any CPU
		{80262572-508C-4D42-A77A-80A4FE734E9C}.Debug|Any CPU.Build.0 = Debug|Any CPU
		{80262572-508C-4D42-A77A-80A4FE734E9C}.Release|Any CPU.ActiveCfg = Release|Any CPU
		{80262572-508C-4D42-A77A-80A4FE734E9C}.Release|Any CPU.Build.0 = Release|Any CPU
	EndGlobalSection
	GlobalSection(SolutionProperties) = preSolution
		HideSolutionNode = FALSE
	EndGlobalSection
	GlobalSection(ExtensibilityGlobals) = postSolution
		SolutionGuid = {DF319AD8-F0D3-4CCA-8FCF-B1B3C695DED1}
	EndGlobalSection
EndGlobal
